
Microsoft Visual Studio Solution File, Format Version 12.00
# Visual Studio Version 16
VisualStudioVersion = 25.0.1703.6
MinimumVisualStudioVersion = 10.0.40219.1
Project("{FAE04EC0-301F-11D3-BF4B-00C04F79EFBC}") = "Pointgame", "Pointgame\Pointgame.csproj", "{A1AC4677-F72F-4C76-8B51-80EB7139EB89}"
EndProject
Global
	GlobalSection(SolutionConfigurationPlatforms) = preSolution
		Debug|Any CPU = Debug|Any CPU
		Release|Any CPU = Release|Any CPU
	EndGlobalSection
	GlobalSection(ProjectConfigurationPlatforms) = postSolution
		{A1AC4677-F72F-4C76-8B51-80EB7139EB89}.Debug|Any CPU.ActiveCfg = Debug|Any CPU
		{A1AC4677-F72F-4C76-8B51-80EB7139EB89}.Debug|Any CPU.Build.0 = Debug|Any CPU
		{A1AC4677-F72F-4C76-8B51-80EB7139EB89}.Release|Any CPU.ActiveCfg = Release|Any CPU
		{A1AC4677-F72F-4C76-8B51-80EB7139EB89}.Release|Any CPU.Build.0 = Release|Any CPU
	EndGlobalSection
	GlobalSection(SolutionProperties) = preSolution
		HideSolutionNode = FALSE
	EndGlobalSection
	GlobalSection(ExtensibilityGlobals) = postSolution
		SolutionGuid = {329A123E-D29D-4C89-B766-CCD6D8424188}
	EndGlobalSection
EndGlobal
